
Microsoft Visual Studio Solution File, Format Version 12.00
# Visual Studio Version 17
VisualStudioVersion = 17.7.34202.233
MinimumVisualStudioVersion = 10.0.40219.1
Project("{9A19103F-16F7-4668-BE54-9A1E7A4F7556}") = "SuperReservationSystem", "SuperReservationSystem\SuperReservationSystem.csproj", "{AC2AA0EC-760E-46C6-8A1C-EB266481E96D}"
	ProjectSection(ProjectDependencies) = postProject
		{30402EE2-EADA-45FF-BA4E-9C1AE9E611E6} = {30402EE2-EADA-45FF-BA4E-9C1AE9E611E6}
		{9CFC388B-3E65-4E80-BFBD-7DE59101ECB8} = {9CFC388B-3E65-4E80-BFBD-7DE59101ECB8}
	EndProjectSection
EndProject
Project("{9A19103F-16F7-4668-BE54-9A1E7A4F7556}") = "ApiCisco", "ApiCisco\ApiCisco.csproj", "{30402EE2-EADA-45FF-BA4E-9C1AE9E611E6}"
EndProject
Project("{9A19103F-16F7-4668-BE54-9A1E7A4F7556}") = "Testovaci_Konzole", "Testovaci_Konzole\Testovaci_Konzole.csproj", "{A90FB548-3292-4D9D-BF31-8B8932B7F556}"
EndProject
Project("{9A19103F-16F7-4668-BE54-9A1E7A4F7556}") = "DataLayer", "DataLayer\DataLayer.csproj", "{2AB516A1-6391-4F6F-95F4-7C0A7206C01D}"
	ProjectSection(ProjectDependencies) = postProject
		{851EDB4B-AAED-4528-A3F9-EB52C4F57BBB} = {851EDB4B-AAED-4528-A3F9-EB52C4F57BBB}
	EndProjectSection
EndProject
Project("{FAE04EC0-301F-11D3-BF4B-00C04F79EFBC}") = "BusinessLayer", "BusinessLayer\BusinessLayer.csproj", "{9CFC388B-3E65-4E80-BFBD-7DE59101ECB8}"
	ProjectSection(ProjectDependencies) = postProject
		{2AB516A1-6391-4F6F-95F4-7C0A7206C01D} = {2AB516A1-6391-4F6F-95F4-7C0A7206C01D}
	EndProjectSection
EndProject
Project("{FAE04EC0-301F-11D3-BF4B-00C04F79EFBC}") = "ApiEVE", "ApiEVE\ApiEVE.csproj", "{E63E2440-80E9-4129-944D-5AE57FFD373B}"
EndProject
Project("{FAE04EC0-301F-11D3-BF4B-00C04F79EFBC}") = "SimpleLogger", "SimpleLogger\SimpleLogger.csproj", "{851EDB4B-AAED-4528-A3F9-EB52C4F57BBB}"
EndProject
Project("{FAE04EC0-301F-11D3-BF4B-00C04F79EFBC}") = "TelnetConsole", "TelnetConsole\TelnetConsole.csproj", "{1A002304-DE85-412E-9D3E-5963AAE680EE}"
EndProject
Global
	GlobalSection(SolutionConfigurationPlatforms) = preSolution
		Debug|Any CPU = Debug|Any CPU
		Release|Any CPU = Release|Any CPU
	EndGlobalSection
	GlobalSection(ProjectConfigurationPlatforms) = postSolution
		{AC2AA0EC-760E-46C6-8A1C-EB266481E96D}.Debug|Any CPU.ActiveCfg = Debug|Any CPU
		{AC2AA0EC-760E-46C6-8A1C-EB266481E96D}.Debug|Any CPU.Build.0 = Debug|Any CPU
		{AC2AA0EC-760E-46C6-8A1C-EB266481E96D}.Release|Any CPU.ActiveCfg = Release|Any CPU
		{AC2AA0EC-760E-46C6-8A1C-EB266481E96D}.Release|Any CPU.Build.0 = Release|Any CPU
		{30402EE2-EADA-45FF-BA4E-9C1AE9E611E6}.Debug|Any CPU.ActiveCfg = Debug|Any CPU
		{30402EE2-EADA-45FF-BA4E-9C1AE9E611E6}.Debug|Any CPU.Build.0 = Debug|Any CPU
		{30402EE2-EADA-45FF-BA4E-9C1AE9E611E6}.Release|Any CPU.ActiveCfg = Release|Any CPU
		{30402EE2-EADA-45FF-BA4E-9C1AE9E611E6}.Release|Any CPU.Build.0 = Release|Any CPU
		{A90FB548-3292-4D9D-BF31-8B8932B7F556}.Debug|Any CPU.ActiveCfg = Debug|Any CPU
		{A90FB548-3292-4D9D-BF31-8B8932B7F556}.Debug|Any CPU.Build.0 = Debug|Any CPU
		{A90FB548-3292-4D9D-BF31-8B8932B7F556}.Release|Any CPU.ActiveCfg = Release|Any CPU
		{A90FB548-3292-4D9D-BF31-8B8932B7F556}.Release|Any CPU.Build.0 = Release|Any CPU
		{2AB516A1-6391-4F6F-95F4-7C0A7206C01D}.Debug|Any CPU.ActiveCfg = Debug|Any CPU
		{2AB516A1-6391-4F6F-95F4-7C0A7206C01D}.Debug|Any CPU.Build.0 = Debug|Any CPU
		{2AB516A1-6391-4F6F-95F4-7C0A7206C01D}.Release|Any CPU.ActiveCfg = Release|Any CPU
		{2AB516A1-6391-4F6F-95F4-7C0A7206C01D}.Release|Any CPU.Build.0 = Release|Any CPU
		{9CFC388B-3E65-4E80-BFBD-7DE59101ECB8}.Debug|Any CPU.ActiveCfg = Debug|Any CPU
		{9CFC388B-3E65-4E80-BFBD-7DE59101ECB8}.Debug|Any CPU.Build.0 = Debug|Any CPU
		{9CFC388B-3E65-4E80-BFBD-7DE59101ECB8}.Release|Any CPU.ActiveCfg = Release|Any CPU
		{9CFC388B-3E65-4E80-BFBD-7DE59101ECB8}.Release|Any CPU.Build.0 = Release|Any CPU
		{E63E2440-80E9-4129-944D-5AE57FFD373B}.Debug|Any CPU.ActiveCfg = Debug|Any CPU
		{E63E2440-80E9-4129-944D-5AE57FFD373B}.Debug|Any CPU.Build.0 = Debug|Any CPU
		{E63E2440-80E9-4129-944D-5AE57FFD373B}.Release|Any CPU.ActiveCfg = Release|Any CPU
		{E63E2440-80E9-4129-944D-5AE57FFD373B}.Release|Any CPU.Build.0 = Release|Any CPU
		{851EDB4B-AAED-4528-A3F9-EB52C4F57BBB}.Debug|Any CPU.ActiveCfg = Debug|Any CPU
		{851EDB4B-AAED-4528-A3F9-EB52C4F57BBB}.Debug|Any CPU.Build.0 = Debug|Any CPU
		{851EDB4B-AAED-4528-A3F9-EB52C4F57BBB}.Release|Any CPU.ActiveCfg = Release|Any CPU
		{851EDB4B-AAED-4528-A3F9-EB52C4F57BBB}.Release|Any CPU.Build.0 = Release|Any CPU
		{1A002304-DE85-412E-9D3E-5963AAE680EE}.Debug|Any CPU.ActiveCfg = Debug|Any CPU
		{1A002304-DE85-412E-9D3E-5963AAE680EE}.Debug|Any CPU.Build.0 = Debug|Any CPU
		{1A002304-DE85-412E-9D3E-5963AAE680EE}.Release|Any CPU.ActiveCfg = Release|Any CPU
		{1A002304-DE85-412E-9D3E-5963AAE680EE}.Release|Any CPU.Build.0 = Release|Any CPU
	EndGlobalSection
	GlobalSection(SolutionProperties) = preSolution
		HideSolutionNode = FALSE
	EndGlobalSection
	GlobalSection(ExtensibilityGlobals) = postSolution
		SolutionGuid = {B5017255-C8AC-4E02-880E-E77375059398}
	EndGlobalSection
EndGlobal
